
Microsoft Visual Studio Solution File, Format Version 12.00
# Visual Studio Version 17
VisualStudioVersion = 17.0.31903.59
MinimumVisualStudioVersion = 10.0.40219.1
Project("{2150E333-8FDC-42A3-9474-1A3956D46DE8}") = "test", "test", "{261D3BF7-5B05-496D-AD56-80069CC0F76F}"
EndProject
Project("{FAE04EC0-301F-11D3-BF4B-00C04F79EFBC}") = "ScreeningExchange", "test\ScreeningExchange\ScrenningExchange.csproj", "{CB490662-92C8-4CBD-B959-29FF2FA6545E}"
EndProject
Project("{2150E333-8FDC-42A3-9474-1A3956D46DE8}") = "src", "src", "{3356B4A9-4008-4771-A8AA-E6DE861F630E}"
EndProject
Project("{FAE04EC0-301F-11D3-BF4B-00C04F79EFBC}") = "ScreeningExchange.Domain", "src\ScreeningExchange.Domain\ScreeningExchange.Domain.csproj", "{12D65174-599F-4F40-8FA7-48C0CD2821FE}"
EndProject
Project("{FAE04EC0-301F-11D3-BF4B-00C04F79EFBC}") = "ScrenningExchange", "test\ScrenningExchange\ScrenningExchange.csproj", "{39202EEA-22E4-446E-B26C-814737A2757B}"
EndProject
Project("{FAE04EC0-301F-11D3-BF4B-00C04F79EFBC}") = "ScreeningExchange.Infrastructure", "src\ScreeningExchange.Infrastructure\ScreeningExchange.Infrastructure.csproj", "{A73C80E4-35DB-401A-8C0A-026D159CD47C}"
EndProject
Project("{FAE04EC0-301F-11D3-BF4B-00C04F79EFBC}") = "ScreeningExchange.App.Api", "src\ScreeningExchange.App.Api\ScreeningExchange.App.Api.csproj", "{88488B36-77CD-439E-B243-B0C3D98ACB92}"
EndProject
Project("{FAE04EC0-301F-11D3-BF4B-00C04F79EFBC}") = "ScreeningExchange.Hosts.Http", "src\ScreeningExchange.Hosts.Http\ScreeningExchange.Hosts.Http.csproj", "{B9C96A95-EF63-4E5B-866F-3F8990ED7868}"
EndProject
Global
	GlobalSection(SolutionConfigurationPlatforms) = preSolution
		Debug|Any CPU = Debug|Any CPU
		Release|Any CPU = Release|Any CPU
	EndGlobalSection
	GlobalSection(SolutionProperties) = preSolution
		HideSolutionNode = FALSE
	EndGlobalSection
	GlobalSection(ProjectConfigurationPlatforms) = postSolution
		{12D65174-599F-4F40-8FA7-48C0CD2821FE}.Debug|Any CPU.ActiveCfg = Debug|Any CPU
		{12D65174-599F-4F40-8FA7-48C0CD2821FE}.Debug|Any CPU.Build.0 = Debug|Any CPU
		{12D65174-599F-4F40-8FA7-48C0CD2821FE}.Release|Any CPU.ActiveCfg = Release|Any CPU
		{12D65174-599F-4F40-8FA7-48C0CD2821FE}.Release|Any CPU.Build.0 = Release|Any CPU
		{39202EEA-22E4-446E-B26C-814737A2757B}.Debug|Any CPU.ActiveCfg = Debug|Any CPU
		{39202EEA-22E4-446E-B26C-814737A2757B}.Debug|Any CPU.Build.0 = Debug|Any CPU
		{39202EEA-22E4-446E-B26C-814737A2757B}.Release|Any CPU.ActiveCfg = Release|Any CPU
		{39202EEA-22E4-446E-B26C-814737A2757B}.Release|Any CPU.Build.0 = Release|Any CPU
		{A73C80E4-35DB-401A-8C0A-026D159CD47C}.Debug|Any CPU.ActiveCfg = Debug|Any CPU
		{A73C80E4-35DB-401A-8C0A-026D159CD47C}.Debug|Any CPU.Build.0 = Debug|Any CPU
		{A73C80E4-35DB-401A-8C0A-026D159CD47C}.Release|Any CPU.ActiveCfg = Release|Any CPU
		{A73C80E4-35DB-401A-8C0A-026D159CD47C}.Release|Any CPU.Build.0 = Release|Any CPU
		{88488B36-77CD-439E-B243-B0C3D98ACB92}.Debug|Any CPU.ActiveCfg = Debug|Any CPU
		{88488B36-77CD-439E-B243-B0C3D98ACB92}.Debug|Any CPU.Build.0 = Debug|Any CPU
		{88488B36-77CD-439E-B243-B0C3D98ACB92}.Release|Any CPU.ActiveCfg = Release|Any CPU
		{88488B36-77CD-439E-B243-B0C3D98ACB92}.Release|Any CPU.Build.0 = Release|Any CPU
		{B9C96A95-EF63-4E5B-866F-3F8990ED7868}.Debug|Any CPU.ActiveCfg = Debug|Any CPU
		{B9C96A95-EF63-4E5B-866F-3F8990ED7868}.Debug|Any CPU.Build.0 = Debug|Any CPU
		{B9C96A95-EF63-4E5B-866F-3F8990ED7868}.Release|Any CPU.ActiveCfg = Release|Any CPU
		{B9C96A95-EF63-4E5B-866F-3F8990ED7868}.Release|Any CPU.Build.0 = Release|Any CPU
	EndGlobalSection
	GlobalSection(NestedProjects) = preSolution
		{CB490662-92C8-4CBD-B959-29FF2FA6545E} = {261D3BF7-5B05-496D-AD56-80069CC0F76F}
		{39202EEA-22E4-446E-B26C-814737A2757B} = {261D3BF7-5B05-496D-AD56-80069CC0F76F}
		{A73C80E4-35DB-401A-8C0A-026D159CD47C} = {3356B4A9-4008-4771-A8AA-E6DE861F630E}
		{88488B36-77CD-439E-B243-B0C3D98ACB92} = {3356B4A9-4008-4771-A8AA-E6DE861F630E}
		{B9C96A95-EF63-4E5B-866F-3F8990ED7868} = {3356B4A9-4008-4771-A8AA-E6DE861F630E}
	EndGlobalSection
EndGlobal
